
Microsoft Visual Studio Solution File, Format Version 12.00
# Visual Studio Version 16
VisualStudioVersion = 16.0.31729.503
MinimumVisualStudioVersion = 10.0.40219.1
Project("{FAE04EC0-301F-11D3-BF4B-00C04F79EFBC}") = "ModeloDB", "ModeloDB\ModeloDB.csproj", "{57F3CD94-3CCF-47A4-A689-1A4ED54CB26D}"
EndProject
Project("{FAE04EC0-301F-11D3-BF4B-00C04F79EFBC}") = "Consola", "Consola\Consola.csproj", "{563A813F-DB6B-4E6E-83FC-98EE04A25A43}"
EndProject
Project("{FAE04EC0-301F-11D3-BF4B-00C04F79EFBC}") = "Modelo", "Modelo\Modelo.csproj", "{78816041-B95A-47CB-A4C9-2916182865A1}"
EndProject
Global
	GlobalSection(SolutionConfigurationPlatforms) = preSolution
		Debug|Any CPU = Debug|Any CPU
		Release|Any CPU = Release|Any CPU
	EndGlobalSection
	GlobalSection(ProjectConfigurationPlatforms) = postSolution
		{57F3CD94-3CCF-47A4-A689-1A4ED54CB26D}.Debug|Any CPU.ActiveCfg = Debug|Any CPU
		{57F3CD94-3CCF-47A4-A689-1A4ED54CB26D}.Debug|Any CPU.Build.0 = Debug|Any CPU
		{57F3CD94-3CCF-47A4-A689-1A4ED54CB26D}.Release|Any CPU.ActiveCfg = Release|Any CPU
		{57F3CD94-3CCF-47A4-A689-1A4ED54CB26D}.Release|Any CPU.Build.0 = Release|Any CPU
		{563A813F-DB6B-4E6E-83FC-98EE04A25A43}.Debug|Any CPU.ActiveCfg = Debug|Any CPU
		{563A813F-DB6B-4E6E-83FC-98EE04A25A43}.Debug|Any CPU.Build.0 = Debug|Any CPU
		{563A813F-DB6B-4E6E-83FC-98EE04A25A43}.Release|Any CPU.ActiveCfg = Release|Any CPU
		{563A813F-DB6B-4E6E-83FC-98EE04A25A43}.Release|Any CPU.Build.0 = Release|Any CPU
		{78816041-B95A-47CB-A4C9-2916182865A1}.Debug|Any CPU.ActiveCfg = Debug|Any CPU
		{78816041-B95A-47CB-A4C9-2916182865A1}.Debug|Any CPU.Build.0 = Debug|Any CPU
		{78816041-B95A-47CB-A4C9-2916182865A1}.Release|Any CPU.ActiveCfg = Release|Any CPU
		{78816041-B95A-47CB-A4C9-2916182865A1}.Release|Any CPU.Build.0 = Release|Any CPU
	EndGlobalSection
	GlobalSection(SolutionProperties) = preSolution
		HideSolutionNode = FALSE
	EndGlobalSection
	GlobalSection(ExtensibilityGlobals) = postSolution
		SolutionGuid = {DE5D0C44-59E8-431B-BFA0-4098166E77AF}
	EndGlobalSection
EndGlobal
